
Microsoft Visual Studio Solution File, Format Version 12.00
# Visual Studio Version 17
VisualStudioVersion = 17.12.35728.132
MinimumVisualStudioVersion = 10.0.40219.1
Project("{FAE04EC0-301F-11D3-BF4B-00C04F79EFBC}") = "MiToDoListApp.Applicationx", "MiToDoListApp.Application\MiToDoListApp.Applicationx.csproj", "{1780F944-2A30-413A-8A5F-43CA13422A4D}"
EndProject
Project("{FAE04EC0-301F-11D3-BF4B-00C04F79EFBC}") = "MiToDoListApp.Domain", "MiToDoListApp.Domain\MiToDoListApp.Domain.csproj", "{B9FA901E-BA1A-46DB-BFC6-E9976B7B3BD3}"
EndProject
Project("{FAE04EC0-301F-11D3-BF4B-00C04F79EFBC}") = "MiToDoListApp.Infrastructure", "MiToDoListApp.Infrastructure\MiToDoListApp.Infrastructure.csproj", "{C9FB13A4-8B03-4383-90C3-2F3AFA76F91C}"
EndProject
Project("{FAE04EC0-301F-11D3-BF4B-00C04F79EFBC}") = "MiToDoListApp.Mobile", "MiToDoListApp.Mobile\MiToDoListApp.Mobile.csproj", "{254A8960-8880-4E74-B711-E205C73DB95F}"
EndProject
Global
	GlobalSection(SolutionConfigurationPlatforms) = preSolution
		Debug|Any CPU = Debug|Any CPU
		Release|Any CPU = Release|Any CPU
	EndGlobalSection
	GlobalSection(ProjectConfigurationPlatforms) = postSolution
		{1780F944-2A30-413A-8A5F-43CA13422A4D}.Debug|Any CPU.ActiveCfg = Debug|Any CPU
		{1780F944-2A30-413A-8A5F-43CA13422A4D}.Debug|Any CPU.Build.0 = Debug|Any CPU
		{1780F944-2A30-413A-8A5F-43CA13422A4D}.Release|Any CPU.ActiveCfg = Release|Any CPU
		{1780F944-2A30-413A-8A5F-43CA13422A4D}.Release|Any CPU.Build.0 = Release|Any CPU
		{B9FA901E-BA1A-46DB-BFC6-E9976B7B3BD3}.Debug|Any CPU.ActiveCfg = Debug|Any CPU
		{B9FA901E-BA1A-46DB-BFC6-E9976B7B3BD3}.Debug|Any CPU.Build.0 = Debug|Any CPU
		{B9FA901E-BA1A-46DB-BFC6-E9976B7B3BD3}.Release|Any CPU.ActiveCfg = Release|Any CPU
		{B9FA901E-BA1A-46DB-BFC6-E9976B7B3BD3}.Release|Any CPU.Build.0 = Release|Any CPU
		{C9FB13A4-8B03-4383-90C3-2F3AFA76F91C}.Debug|Any CPU.ActiveCfg = Debug|Any CPU
		{C9FB13A4-8B03-4383-90C3-2F3AFA76F91C}.Debug|Any CPU.Build.0 = Debug|Any CPU
		{C9FB13A4-8B03-4383-90C3-2F3AFA76F91C}.Release|Any CPU.ActiveCfg = Release|Any CPU
		{C9FB13A4-8B03-4383-90C3-2F3AFA76F91C}.Release|Any CPU.Build.0 = Release|Any CPU
		{254A8960-8880-4E74-B711-E205C73DB95F}.Debug|Any CPU.ActiveCfg = Debug|Any CPU
		{254A8960-8880-4E74-B711-E205C73DB95F}.Debug|Any CPU.Build.0 = Debug|Any CPU
		{254A8960-8880-4E74-B711-E205C73DB95F}.Release|Any CPU.ActiveCfg = Release|Any CPU
		{254A8960-8880-4E74-B711-E205C73DB95F}.Release|Any CPU.Build.0 = Release|Any CPU
	EndGlobalSection
	GlobalSection(SolutionProperties) = preSolution
		HideSolutionNode = FALSE
	EndGlobalSection
EndGlobal
